
Microsoft Visual Studio Solution File, Format Version 12.00
# Visual Studio Version 17
VisualStudioVersion = 17.14.37314.3
MinimumVisualStudioVersion = 10.0.40219.1
Project("{FAE04EC0-301F-11D3-BF4B-00C04F79EFBC}") = "WordAnalytics.Cli", "Console\WordAnalytics.Cli.csproj", "{53280157-4E7D-4D0A-BAD5-E6CE46AF27B8}"
EndProject
Project("{FAE04EC0-301F-11D3-BF4B-00C04F79EFBC}") = "WordAnalytics.Counting", "Counting\WordAnalytics.Counting.csproj", "{8B56BD7D-4037-4E64-95CF-18339002D853}"
EndProject
Project("{FAE04EC0-301F-11D3-BF4B-00C04F79EFBC}") = "WordAnalytics.Ranking", "Ranking\WordAnalytics.Ranking.csproj", "{C7493A59-C40F-4F40-A05C-5D687E3304EB}"
EndProject
Project("{FAE04EC0-301F-11D3-BF4B-00C04F79EFBC}") = "WordAnalytics.Tests", "WordAnalytics.Tests\WordAnalytics.Tests.csproj", "{5B0D5961-6340-4B41-9C6E-467F5FDE3610}"
EndProject
Project("{FAE04EC0-301F-11D3-BF4B-00C04F79EFBC}") = "WordAnalytics.Api", "Api\WordAnalytics.Api\WordAnalytics.Api.csproj", "{C688683D-B57D-4851-8B95-04A279D3617F}"
EndProject
Global
	GlobalSection(SolutionConfigurationPlatforms) = preSolution
		Debug|Any CPU = Debug|Any CPU
		Release|Any CPU = Release|Any CPU
	EndGlobalSection
	GlobalSection(ProjectConfigurationPlatforms) = postSolution
		{53280157-4E7D-4D0A-BAD5-E6CE46AF27B8}.Debug|Any CPU.ActiveCfg = Debug|Any CPU
		{53280157-4E7D-4D0A-BAD5-E6CE46AF27B8}.Debug|Any CPU.Build.0 = Debug|Any CPU
		{53280157-4E7D-4D0A-BAD5-E6CE46AF27B8}.Release|Any CPU.ActiveCfg = Release|Any CPU
		{53280157-4E7D-4D0A-BAD5-E6CE46AF27B8}.Release|Any CPU.Build.0 = Release|Any CPU
		{8B56BD7D-4037-4E64-95CF-18339002D853}.Debug|Any CPU.ActiveCfg = Debug|Any CPU
		{8B56BD7D-4037-4E64-95CF-18339002D853}.Debug|Any CPU.Build.0 = Debug|Any CPU
		{8B56BD7D-4037-4E64-95CF-18339002D853}.Release|Any CPU.ActiveCfg = Release|Any CPU
		{8B56BD7D-4037-4E64-95CF-18339002D853}.Release|Any CPU.Build.0 = Release|Any CPU
		{C7493A59-C40F-4F40-A05C-5D687E3304EB}.Debug|Any CPU.ActiveCfg = Debug|Any CPU
		{C7493A59-C40F-4F40-A05C-5D687E3304EB}.Debug|Any CPU.Build.0 = Debug|Any CPU
		{C7493A59-C40F-4F40-A05C-5D687E3304EB}.Release|Any CPU.ActiveCfg = Release|Any CPU
		{C7493A59-C40F-4F40-A05C-5D687E3304EB}.Release|Any CPU.Build.0 = Release|Any CPU
		{5B0D5961-6340-4B41-9C6E-467F5FDE3610}.Debug|Any CPU.ActiveCfg = Debug|Any CPU
		{5B0D5961-6340-4B41-9C6E-467F5FDE3610}.Debug|Any CPU.Build.0 = Debug|Any CPU
		{5B0D5961-6340-4B41-9C6E-467F5FDE3610}.Release|Any CPU.ActiveCfg = Release|Any CPU
		{5B0D5961-6340-4B41-9C6E-467F5FDE3610}.Release|Any CPU.Build.0 = Release|Any CPU
		{C688683D-B57D-4851-8B95-04A279D3617F}.Debug|Any CPU.ActiveCfg = Debug|Any CPU
		{C688683D-B57D-4851-8B95-04A279D3617F}.Debug|Any CPU.Build.0 = Debug|Any CPU
		{C688683D-B57D-4851-8B95-04A279D3617F}.Release|Any CPU.ActiveCfg = Release|Any CPU
		{C688683D-B57D-4851-8B95-04A279D3617F}.Release|Any CPU.Build.0 = Release|Any CPU
	EndGlobalSection
	GlobalSection(SolutionProperties) = preSolution
		HideSolutionNode = FALSE
	EndGlobalSection
	GlobalSection(ExtensibilityGlobals) = postSolution
		SolutionGuid = {8D50590C-DE1C-42D7-920A-4122D49AE669}
	EndGlobalSection
EndGlobal
